Microsoft Visual Studio Solution File, Format Version 12.00
# Visual Studio Version 17
VisualStudioVersion = 17.5.2.0
MinimumVisualStudioVersion = 10.0.40219.1
Project("{FAE04EC0-301F-11D3-BF4B-00C04F79EFBC}") = "IlikesWebEditor", "IlikesWebEditor\IlikesWebEditor.csproj", "{14970CB7-611F-4D34-A259-C15366966EBE}"
EndProject
Global
	GlobalSection(SolutionConfigurationPlatforms) = preSolution
		Debug|Any CPU = Debug|Any CPU
		Release|Any CPU = Release|Any CPU
	EndGlobalSection
	GlobalSection(ProjectConfigurationPlatforms) = postSolution
		{14970CB7-611F-4D34-A259-C15366966EBE}.Debug|Any CPU.ActiveCfg = Debug|Any CPU
		{14970CB7-611F-4D34-A259-C15366966EBE}.Debug|Any CPU.Build.0 = Debug|Any CPU
		{14970CB7-611F-4D34-A259-C15366966EBE}.Release|Any CPU.ActiveCfg = Release|Any CPU
		{14970CB7-611F-4D34-A259-C15366966EBE}.Release|Any CPU.Build.0 = Release|Any CPU
	EndGlobalSection
	GlobalSection(SolutionProperties) = preSolution
		HideSolutionNode = FALSE
	EndGlobalSection
	GlobalSection(ExtensibilityGlobals) = postSolution
		SolutionGuid = {1DFDF0FA-AF26-428B-913B-C3C83315CB17}
	EndGlobalSection
EndGlobal
